<?xml version="1.0" encoding="utf-8"?>
<Project ToolsVersion="4.0" xmlns="http://schemas.microsoft.com/developer/msbuild/2003">
  <ItemGroup>
    <Filter Include="ソース ファイル">
      <UniqueIdentifier>{4FC737F1-C7A5-4376-A066-2A32D752A2FF}</UniqueIdentifier>
      <Extensions>cpp;c;cc;cxx;c++;cppm;ixx;def;odl;idl;hpj;bat;asm;asmx</Extensions>
    </Filter>
    <Filter Include="ヘッダー ファイル">
      <UniqueIdentifier>{93995380-89BD-4b04-88EB-625FBE52EBFB}</UniqueIdentifier>
      <Extensions>h;hh;hpp;hxx;h++;hm;inl;inc;ipp;xsd</Extensions>
    </Filter>
    <Filter Include="リソース ファイル">
      <UniqueIdentifier>{67DA6AB6-F800-4c08-8B7A-83BB121AAD01}</UniqueIdentifier>
      <Extensions>rc;ico;cur;bmp;dlg;rc2;rct;bin;rgs;gif;jpg;jpeg;jpe;resx;tiff;tif;png;wav;mfcribbon-ms</Extensions>
    </Filter>
    <Filter Include="ソース ファイル\Gameから参照">
      <UniqueIdentifier>{fda07e5f-9fed-4260-bf99-99b04a4b9f4d}</UniqueIdentifier>
    </Filter>
    <Filter Include="ヘッダー ファイル\Gameから参照">
      <UniqueIdentifier>{d77b5396-c43b-4bb2-a688-a554eeb5f6fc}</UniqueIdentifier>
    </Filter>
  </ItemGroup>
  <ItemGroup>
    <ClCompile Include="main.cpp">
      <Filter>ソース ファイル</Filter>
    </ClCompile>
    <ClCompile Include="EditorStage.cpp">
      <Filter>ソース ファイル</Filter>
    </ClCompile>
    <ClCompile Include="StartLane.cpp">
      <Filter>ソース ファイル</Filter>
    </ClCompile>
    <ClCompile Include="Editor.cpp">
      <Filter>ソース ファイル</Filter>
    </ClCompile>
    <ClCompile Include="..\Game\MyBullet.cpp">
      <Filter>ソース ファイル\Gameから参照</Filter>
    </ClCompile>
    <ClCompile Include="..\Game\GameUtility.cpp">
      <Filter>ソース ファイル\Gameから参照</Filter>
    </ClCompile>
    <ClCompile Include="..\Game\SquareBlock.cpp">
      <Filter>ソース ファイル\Gameから参照</Filter>
    </ClCompile>
    <ClCompile Include="..\Game\TriangleBlock.cpp">
      <Filter>ソース ファイル\Gameから参照</Filter>
    </ClCompile>
    <ClCompile Include="..\Game\BaseBlock.cpp">
      <Filter>ソース ファイル\Gameから参照</Filter>
    </ClCompile>
    <ClCompile Include="..\Game\BaseFloor.cpp">
      <Filter>ソース ファイル\Gameから参照</Filter>
    </ClCompile>
    <ClCompile Include="..\Game\NormalFloor.cpp">
      <Filter>ソース ファイル\Gameから参照</Filter>
    </ClCompile>
    <ClCompile Include="..\Game\TurnFloor.cpp">
      <Filter>ソース ファイル\Gameから参照</Filter>
    </ClCompile>
    <ClCompile Include="..\Game\BreakFloor.cpp">
      <Filter>ソース ファイル\Gameから参照</Filter>
    </ClCompile>
    <ClCompile Include="..\Game\SwitchFloor.cpp">
      <Filter>ソース ファイル\Gameから参照</Filter>
    </ClCompile>
    <ClCompile Include="..\Game\GameSound.cpp">
      <Filter>ソース ファイル\Gameから参照</Filter>
    </ClCompile>
  </ItemGroup>
  <ItemGroup>
    <ClInclude Include="EditorStage.h">
      <Filter>ヘッダー ファイル</Filter>
    </ClInclude>
    <ClInclude Include="StartLane.h">
      <Filter>ヘッダー ファイル</Filter>
    </ClInclude>
    <ClInclude Include="Editor.h">
      <Filter>ヘッダー ファイル</Filter>
    </ClInclude>
    <ClInclude Include="..\Game\GameUtility.h">
      <Filter>ヘッダー ファイル\Gameから参照</Filter>
    </ClInclude>
    <ClInclude Include="..\Game\SquareBlock.h">
      <Filter>ヘッダー ファイル\Gameから参照</Filter>
    </ClInclude>
    <ClInclude Include="..\Game\TriangleBlock.h">
      <Filter>ヘッダー ファイル\Gameから参照</Filter>
    </ClInclude>
    <ClInclude Include="..\Game\BaseBlock.h">
      <Filter>ヘッダー ファイル\Gameから参照</Filter>
    </ClInclude>
    <ClInclude Include="..\Game\BaseFloor.h">
      <Filter>ヘッダー ファイル\Gameから参照</Filter>
    </ClInclude>
    <ClInclude Include="..\Game\NormalFloor.h">
      <Filter>ヘッダー ファイル\Gameから参照</Filter>
    </ClInclude>
    <ClInclude Include="..\Game\TurnFloor.h">
      <Filter>ヘッダー ファイル\Gameから参照</Filter>
    </ClInclude>
    <ClInclude Include="..\Game\BreakFloor.h">
      <Filter>ヘッダー ファイル\Gameから参照</Filter>
    </ClInclude>
    <ClInclude Include="..\Game\SwitchFloor.h">
      <Filter>ヘッダー ファイル\Gameから参照</Filter>
    </ClInclude>
    <ClInclude Include="..\Game\GameSound.h">
      <Filter>ヘッダー ファイル\Gameから参照</Filter>
    </ClInclude>
    <ClInclude Include="..\Game\MyBullet.h">
      <Filter>ヘッダー ファイル\Gameから参照</Filter>
    </ClInclude>
  </ItemGroup>
</Project>